// !$*UTF8*$!
{
	archiveVersion = 1;
	classes = {
	};
	objectVersion = 50;
	objects = {

/* Begin PBXBuildFile section */
		22BF934E2247F6CF00D3E861 /* AppDelegate.swift in Sources */ = {isa = PBXBuildFile; fileRef = 22F928E32247EE65006167E2 /* AppDelegate.swift */; };
		22BF93512247F6CF00D3E861 /* LaunchScreen.storyboard in Resources */ = {isa = PBXBuildFile; fileRef = 22F928EC2247EE67006167E2 /* LaunchScreen.storyboard */; };
		22BF93532247F6CF00D3E861 /* Assets.xcassets in Resources */ = {isa = PBXBuildFile; fileRef = 22F928EA2247EE67006167E2 /* Assets.xcassets */; };
		22BF93592247F79D00D3E861 /* TWO-Assets.xcassets in Resources */ = {isa = PBXBuildFile; fileRef = 22F929092247F22E006167E2 /* TWO-Assets.xcassets */; };
		22F928E42247EE65006167E2 /* AppDelegate.swift in Sources */ = {isa = PBXBuildFile; fileRef = 22F928E32247EE65006167E2 /* AppDelegate.swift */; };
		22F928EB2247EE67006167E2 /* Assets.xcassets in Resources */ = {isa = PBXBuildFile; fileRef = 22F928EA2247EE67006167E2 /* Assets.xcassets */; };
		22F928EE2247EE67006167E2 /* LaunchScreen.storyboard in Resources */ = {isa = PBXBuildFile; fileRef = 22F928EC2247EE67006167E2 /* LaunchScreen.storyboard */; };
		22F929082247F217006167E2 /* ONE-Assets.xcassets in Resources */ = {isa = PBXBuildFile; fileRef = 22F929072247F217006167E2 /* ONE-Assets.xcassets */; };
/* End PBXBuildFile section */

/* Begin PBXFileReference section */
		22BF93572247F6CF00D3E861 /* TWO.app */ = {isa = PBXFileReference; explicitFileType = wrapper.application; includeInIndex = 0; path = TWO.app; sourceTree = BUILT_PRODUCTS_DIR; };
		22F928E02247EE65006167E2 /* ONE.app */ = {isa = PBXFileReference; explicitFileType = wrapper.application; includeInIndex = 0; path = ONE.app; sourceTree = BUILT_PRODUCTS_DIR; };
		22F928E32247EE65006167E2 /* AppDelegate.swift */ = {isa = PBXFileReference; lastKnownFileType = sourcecode.swift; path = AppDelegate.swift; sourceTree = "<group>"; };
		22F928EA2247EE67006167E2 /* Assets.xcassets */ = {isa = PBXFileReference; lastKnownFileType = folder.assetcatalog; path = Assets.xcassets; sourceTree = "<group>"; };
		22F928ED2247EE67006167E2 /* Base */ = {isa = PBXFileReference; lastKnownFileType = file.storyboard; name = Base; path = Base.lproj/LaunchScreen.storyboard; sourceTree = "<group>"; };
		22F928EF2247EE67006167E2 /* Info.plist */ = {isa = PBXFileReference; lastKnownFileType = text.plist.xml; path = Info.plist; sourceTree = "<group>"; };
		22F928F92247EF8B006167E2 /* Info.plist */ = {isa = PBXFileReference; fileEncoding = 4; lastKnownFileType = text.plist.xml; path = Info.plist; sourceTree = "<group>"; };
		22F929072247F217006167E2 /* ONE-Assets.xcassets */ = {isa = PBXFileReference; lastKnownFileType = folder.assetcatalog; path = "ONE-Assets.xcassets"; sourceTree = "<group>"; };
		22F929092247F22E006167E2 /* TWO-Assets.xcassets */ = {isa = PBXFileReference; lastKnownFileType = folder.assetcatalog; path = "TWO-Assets.xcassets"; sourceTree = "<group>"; };
/* End PBXFileReference section */

/* Begin PBXFrameworksBuildPhase section */
		22BF934F2247F6CF00D3E861 /* Frameworks */ = {
			isa = PBXFrameworksBuildPhase;
			buildActionMask = 2147483647;
			files = (
			);
			runOnlyForDeploymentPostprocessing = 0;
		};
		22F928DD2247EE65006167E2 /* Frameworks */ = {
			isa = PBXFrameworksBuildPhase;
			buildActionMask = 2147483647;
			files = (
			);
			runOnlyForDeploymentPostprocessing = 0;
		};
/* End PBXFrameworksBuildPhase section */

/* Begin PBXGroup section */
		22BF935A2247FBEA00D3E861 /* CORE */ = {
			isa = PBXGroup;
			children = (
			);
			path = CORE;
			sourceTree = "<group>";
		};
		22F928D72247EE65006167E2 = {
			isa = PBXGroup;
			children = (
				22F928E22247EE65006167E2 /* DemoConfigUserDefined */,
				22F928E12247EE65006167E2 /* Products */,
			);
			sourceTree = "<group>";
		};
		22F928E12247EE65006167E2 /* Products */ = {
			isa = PBXGroup;
			children = (
				22F928E02247EE65006167E2 /* ONE.app */,
				22BF93572247F6CF00D3E861 /* TWO.app */,
			);
			name = Products;
			sourceTree = "<group>";
		};
		22F928E22247EE65006167E2 /* DemoConfigUserDefined */ = {
			isa = PBXGroup;
			children = (
				22BF935A2247FBEA00D3E861 /* CORE */,
				22F928E32247EE65006167E2 /* AppDelegate.swift */,
				22F928EA2247EE67006167E2 /* Assets.xcassets */,
				22F928EC2247EE67006167E2 /* LaunchScreen.storyboard */,
				22F928F52247EF08006167E2 /* ONE */,
				22F928F62247EF10006167E2 /* TWO */,
			);
			path = DemoConfigUserDefined;
			sourceTree = "<group>";
		};
		22F928F52247EF08006167E2 /* ONE */ = {
			isa = PBXGroup;
			children = (
				22F928F82247EF55006167E2 /* Supports */,
			);
			path = ONE;
			sourceTree = "<group>";
		};
		22F928F62247EF10006167E2 /* TWO */ = {
			isa = PBXGroup;
			children = (
				22F928F72247EF49006167E2 /* Supports */,
			);
			path = TWO;
			sourceTree = "<group>";
		};
		22F928F72247EF49006167E2 /* Supports */ = {
			isa = PBXGroup;
			children = (
				22F928F92247EF8B006167E2 /* Info.plist */,
				22F929092247F22E006167E2 /* TWO-Assets.xcassets */,
			);
			path = Supports;
			sourceTree = "<group>";
		};
		22F928F82247EF55006167E2 /* Supports */ = {
			isa = PBXGroup;
			children = (
				22F928EF2247EE67006167E2 /* Info.plist */,
				22F929072247F217006167E2 /* ONE-Assets.xcassets */,
			);
			path = Supports;
			sourceTree = "<group>";
		};
/* End PBXGroup section */

/* Begin PBXNativeTarget section */
		22BF934C2247F6CF00D3E861 /* TWO */ = {
			isa = PBXNativeTarget;
			buildConfigurationList = 22BF93542247F6CF00D3E861 /* Build configuration list for PBXNativeTarget "TWO" */;
			buildPhases = (
				22BF934D2247F6CF00D3E861 /* Sources */,
				22BF934F2247F6CF00D3E861 /* Frameworks */,
				22BF93502247F6CF00D3E861 /* Resources */,
			);
			buildRules = (
			);
			dependencies = (
			);
			name = TWO;
			productName = DemoConfigUserDefined;
			productReference = 22BF93572247F6CF00D3E861 /* TWO.app */;
			productType = "com.apple.product-type.application";
		};
		22F928DF2247EE65006167E2 /* ONE */ = {
			isa = PBXNativeTarget;
			buildConfigurationList = 22F928F22247EE67006167E2 /* Build configuration list for PBXNativeTarget "ONE" */;
			buildPhases = (
				22F928DC2247EE65006167E2 /* Sources */,
				22F928DD2247EE65006167E2 /* Frameworks */,
				22F928DE2247EE65006167E2 /* Resources */,
			);
			buildRules = (
			);
			dependencies = (
			);
			name = ONE;
			productName = DemoConfigUserDefined;
			productReference = 22F928E02247EE65006167E2 /* ONE.app */;
			productType = "com.apple.product-type.application";
		};
/* End PBXNativeTarget section */

/* Begin PBXProject section */
		22F928D82247EE65006167E2 /* Project object */ = {
			isa = PBXProject;
			attributes = {
				LastSwiftUpdateCheck = 1010;
				LastUpgradeCheck = 1010;
				ORGANIZATIONNAME = "Tam Nguyen M.";
				TargetAttributes = {
					22F928DF2247EE65006167E2 = {
						CreatedOnToolsVersion = 10.1;
					};
				};
			};
			buildConfigurationList = 22F928DB2247EE65006167E2 /* Build configuration list for PBXProject "DemoConfigUserDefined" */;
			compatibilityVersion = "Xcode 9.3";
			developmentRegion = en;
			hasScannedForEncodings = 0;
			knownRegions = (
				en,
				Base,
			);
			mainGroup = 22F928D72247EE65006167E2;
			productRefGroup = 22F928E12247EE65006167E2 /* Products */;
			projectDirPath = "";
			projectRoot = "";
			targets = (
				22F928DF2247EE65006167E2 /* ONE */,
				22BF934C2247F6CF00D3E861 /* TWO */,
			);
		};
/* End PBXProject section */

/* Begin PBXResourcesBuildPhase section */
		22BF93502247F6CF00D3E861 /* Resources */ = {
			isa = PBXResourcesBuildPhase;
			buildActionMask = 2147483647;
			files = (
				22BF93512247F6CF00D3E861 /* LaunchScreen.storyboard in Resources */,
				22BF93592247F79D00D3E861 /* TWO-Assets.xcassets in Resources */,
				22BF93532247F6CF00D3E861 /* Assets.xcassets in Resources */,
			);
			runOnlyForDeploymentPostprocessing = 0;
		};
		22F928DE2247EE65006167E2 /* Resources */ = {
			isa = PBXResourcesBuildPhase;
			buildActionMask = 2147483647;
			files = (
				22F928EE2247EE67006167E2 /* LaunchScreen.storyboard in Resources */,
				22F929082247F217006167E2 /* ONE-Assets.xcassets in Resources */,
				22F928EB2247EE67006167E2 /* Assets.xcassets in Resources */,
			);
			runOnlyForDeploymentPostprocessing = 0;
		};
/* End PBXResourcesBuildPhase section */

/* Begin PBXSourcesBuildPhase section */
		22BF934D2247F6CF00D3E861 /* Sources */ = {
			isa = PBXSourcesBuildPhase;
			buildActionMask = 2147483647;
			files = (
				22BF934E2247F6CF00D3E861 /* AppDelegate.swift in Sources */,
			);
			runOnlyForDeploymentPostprocessing = 0;
		};
		22F928DC2247EE65006167E2 /* Sources */ = {
			isa = PBXSourcesBuildPhase;
			buildActionMask = 2147483647;
			files = (
				22F928E42247EE65006167E2 /* AppDelegate.swift in Sources */,
			);
			runOnlyForDeploymentPostprocessing = 0;
		};
/* End PBXSourcesBuildPhase section */

/* Begin PBXVariantGroup section */
		22F928EC2247EE67006167E2 /* LaunchScreen.storyboard */ = {
			isa = PBXVariantGroup;
			children = (
				22F928ED2247EE67006167E2 /* Base */,
			);
			name = LaunchScreen.storyboard;
			sourceTree = "<group>";
		};
/* End PBXVariantGroup section */

/* Begin XCBuildConfiguration section */
		22BF93552247F6CF00D3E861 /* Debug */ = {
			isa = XCBuildConfiguration;
			buildSettings = {
				ASSETCATALOG_COMPILER_APPICON_NAME = AppIcon;
				CODE_SIGN_STYLE = Automatic;
				DEVELOPMENT_TEAM = D4Q882ZZC3;
				ENDPOINT_URL = "https://debug.two.t8m.dev";
				INFOPLIST_FILE = DemoConfigUserDefined/TWO/Supports/Info.plist;
				IPHONEOS_DEPLOYMENT_TARGET = 11.0;
				LD_RUNPATH_SEARCH_PATHS = (
					"$(inherited)",
					"@executable_path/Frameworks",
				);
				PRODUCT_BUNDLE_IDENTIFIER = dev.t8m.two;
				PRODUCT_NAME = "$(TARGET_NAME)";
				SWIFT_VERSION = 4.2;
				TARGETED_DEVICE_FAMILY = 1;
			};
			name = Debug;
		};
		22BF93562247F6CF00D3E861 /* Release */ = {
			isa = XCBuildConfiguration;
			buildSettings = {
				ASSETCATALOG_COMPILER_APPICON_NAME = AppIcon;
				CODE_SIGN_STYLE = Automatic;
				DEVELOPMENT_TEAM = D4Q882ZZC3;
				ENDPOINT_URL = "https://two.t8m.dev";
				INFOPLIST_FILE = DemoConfigUserDefined/TWO/Supports/Info.plist;
				IPHONEOS_DEPLOYMENT_TARGET = 11.0;
				LD_RUNPATH_SEARCH_PATHS = (
					"$(inherited)",
					"@executable_path/Frameworks",
				);
				PRODUCT_BUNDLE_IDENTIFIER = dev.t8m.two;
				PRODUCT_NAME = "$(TARGET_NAME)";
				SWIFT_VERSION = 4.2;
				TARGETED_DEVICE_FAMILY = 1;
			};
			name = Release;
		};
		22F928F02247EE67006167E2 /* Debug */ = {
			isa = XCBuildConfiguration;
			buildSettings = {
				ALWAYS_SEARCH_USER_PATHS = NO;
				CLANG_ANALYZER_NONNULL = YES;
				CLANG_ANALYZER_NUMBER_OBJECT_CONVERSION = YES_AGGRESSIVE;
				CLANG_CXX_LANGUAGE_STANDARD = "gnu++14";
				CLANG_CXX_LIBRARY = "libc++";
				CLANG_ENABLE_MODULES = YES;
				CLANG_ENABLE_OBJC_ARC = YES;
				CLANG_ENABLE_OBJC_WEAK = YES;
				CLANG_WARN_BLOCK_CAPTURE_AUTORELEASING = YES;
				CLANG_WARN_BOOL_CONVERSION = YES;
				CLANG_WARN_COMMA = YES;
				CLANG_WARN_CONSTANT_CONVERSION = YES;
				CLANG_WARN_DEPRECATED_OBJC_IMPLEMENTATIONS = YES;
				CLANG_WARN_DIRECT_OBJC_ISA_USAGE = YES_ERROR;
				CLANG_WARN_DOCUMENTATION_COMMENTS = YES;
				CLANG_WARN_EMPTY_BODY = YES;
				CLANG_WARN_ENUM_CONVERSION = YES;
				CLANG_WARN_INFINITE_RECURSION = YES;
				CLANG_WARN_INT_CONVERSION = YES;
				CLANG_WARN_NON_LITERAL_NULL_CONVERSION = YES;
				CLANG_WARN_OBJC_IMPLICIT_RETAIN_SELF = YES;
				CLANG_WARN_OBJC_LITERAL_CONVERSION = YES;
				CLANG_WARN_OBJC_ROOT_CLASS = YES_ERROR;
				CLANG_WARN_RANGE_LOOP_ANALYSIS = YES;
				CLANG_WARN_STRICT_PROTOTYPES = YES;
				CLANG_WARN_SUSPICIOUS_MOVE = YES;
				CLANG_WARN_UNGUARDED_AVAILABILITY = YES_AGGRESSIVE;
				CLANG_WARN_UNREACHABLE_CODE = YES;
				CLANG_WARN__DUPLICATE_METHOD_MATCH = YES;
				CODE_SIGN_IDENTITY = "iPhone Developer";
				COPY_PHASE_STRIP = NO;
				DEBUG_INFORMATION_FORMAT = dwarf;
				ENABLE_STRICT_OBJC_MSGSEND = YES;
				ENABLE_TESTABILITY = YES;
				GCC_C_LANGUAGE_STANDARD = gnu11;
				GCC_DYNAMIC_NO_PIC = NO;
				GCC_NO_COMMON_BLOCKS = YES;
				GCC_OPTIMIZATION_LEVEL = 0;
				GCC_PREPROCESSOR_DEFINITIONS = (
					"DEBUG=1",
					"$(inherited)",
				);
				GCC_WARN_64_TO_32_BIT_CONVERSION = YES;
				GCC_WARN_ABOUT_RETURN_TYPE = YES_ERROR;
				GCC_WARN_UNDECLARED_SELECTOR = YES;
				GCC_WARN_UNINITIALIZED_AUTOS = YES_AGGRESSIVE;
				GCC_WARN_UNUSED_FUNCTION = YES;
				GCC_WARN_UNUSED_VARIABLE = YES;
				IPHONEOS_DEPLOYMENT_TARGET = 12.1;
				MTL_ENABLE_DEBUG_INFO = INCLUDE_SOURCE;
				MTL_FAST_MATH = YES;
				ONLY_ACTIVE_ARCH = YES;
				OTHER_SWIFT_FLAGS = "$(inherited)";
				SDKROOT = iphoneos;
				SWIFT_ACTIVE_COMPILATION_CONDITIONS = DEBUG;
				SWIFT_OPTIMIZATION_LEVEL = "-Onone";
			};
			name = Debug;
		};
		22F928F12247EE67006167E2 /* Release */ = {
			isa = XCBuildConfiguration;
			buildSettings = {
				ALWAYS_SEARCH_USER_PATHS = NO;
				CLANG_ANALYZER_NONNULL = YES;
				CLANG_ANALYZER_NUMBER_OBJECT_CONVERSION = YES_AGGRESSIVE;
				CLANG_CXX_LANGUAGE_STANDARD = "gnu++14";
				CLANG_CXX_LIBRARY = "libc++";
				CLANG_ENABLE_MODULES = YES;
				CLANG_ENABLE_OBJC_ARC = YES;
				CLANG_ENABLE_OBJC_WEAK = YES;
				CLANG_WARN_BLOCK_CAPTURE_AUTORELEASING = YES;
				CLANG_WARN_BOOL_CONVERSION = YES;
				CLANG_WARN_COMMA = YES;
				CLANG_WARN_CONSTANT_CONVERSION = YES;
				CLANG_WARN_DEPRECATED_OBJC_IMPLEMENTATIONS = YES;
				CLANG_WARN_DIRECT_OBJC_ISA_USAGE = YES_ERROR;
				CLANG_WARN_DOCUMENTATION_COMMENTS = YES;
				CLANG_WARN_EMPTY_BODY = YES;
				CLANG_WARN_ENUM_CONVERSION = YES;
				CLANG_WARN_INFINITE_RECURSION = YES;
				CLANG_WARN_INT_CONVERSION = YES;
				CLANG_WARN_NON_LITERAL_NULL_CONVERSION = YES;
				CLANG_WARN_OBJC_IMPLICIT_RETAIN_SELF = YES;
				CLANG_WARN_OBJC_LITERAL_CONVERSION = YES;
				CLANG_WARN_OBJC_ROOT_CLASS = YES_ERROR;
				CLANG_WARN_RANGE_LOOP_ANALYSIS = YES;
				CLANG_WARN_STRICT_PROTOTYPES = YES;
				CLANG_WARN_SUSPICIOUS_MOVE = YES;
				CLANG_WARN_UNGUARDED_AVAILABILITY = YES_AGGRESSIVE;
				CLANG_WARN_UNREACHABLE_CODE = YES;
				CLANG_WARN__DUPLICATE_METHOD_MATCH = YES;
				CODE_SIGN_IDENTITY = "iPhone Developer";
				COPY_PHASE_STRIP = NO;
				DEBUG_INFORMATION_FORMAT = "dwarf-with-dsym";
				ENABLE_NS_ASSERTIONS = NO;
				ENABLE_STRICT_OBJC_MSGSEND = YES;
				GCC_C_LANGUAGE_STANDARD = gnu11;
				GCC_NO_COMMON_BLOCKS = YES;
				GCC_WARN_64_TO_32_BIT_CONVERSION = YES;
				GCC_WARN_ABOUT_RETURN_TYPE = YES_ERROR;
				GCC_WARN_UNDECLARED_SELECTOR = YES;
				GCC_WARN_UNINITIALIZED_AUTOS = YES_AGGRESSIVE;
				GCC_WARN_UNUSED_FUNCTION = YES;
				GCC_WARN_UNUSED_VARIABLE = YES;
				IPHONEOS_DEPLOYMENT_TARGET = 12.1;
				MTL_ENABLE_DEBUG_INFO = NO;
				MTL_FAST_MATH = YES;
				OTHER_SWIFT_FLAGS = "$(inherited)";
				SDKROOT = iphoneos;
				SWIFT_COMPILATION_MODE = wholemodule;
				SWIFT_OPTIMIZATION_LEVEL = "-O";
				VALIDATE_PRODUCT = YES;
			};
			name = Release;
		};
		22F928F32247EE67006167E2 /* Debug */ = {
			isa = XCBuildConfiguration;
			buildSettings = {
				ASSETCATALOG_COMPILER_APPICON_NAME = AppIcon;
				CODE_SIGN_STYLE = Automatic;
				DEVELOPMENT_TEAM = D4Q882ZZC3;
				ENDPOINT_URL = "https://debug.one.t8m.dev";
				INFOPLIST_FILE = DemoConfigUserDefined/ONE/Supports/Info.plist;
				IPHONEOS_DEPLOYMENT_TARGET = 11.0;
				LD_RUNPATH_SEARCH_PATHS = (
					"$(inherited)",
					"@executable_path/Frameworks",
				);
				PRODUCT_BUNDLE_IDENTIFIER = dev.t8m.one;
				PRODUCT_NAME = "$(TARGET_NAME)";
				SWIFT_VERSION = 4.2;
				TARGETED_DEVICE_FAMILY = 1;
			};
			name = Debug;
		};
		22F928F42247EE67006167E2 /* Release */ = {
			isa = XCBuildConfiguration;
			buildSettings = {
				ASSETCATALOG_COMPILER_APPICON_NAME = AppIcon;
				CODE_SIGN_STYLE = Automatic;
				DEVELOPMENT_TEAM = D4Q882ZZC3;
				ENDPOINT_URL = "https://one.t8m.dev";
				INFOPLIST_FILE = DemoConfigUserDefined/ONE/Supports/Info.plist;
				IPHONEOS_DEPLOYMENT_TARGET = 11.0;
				LD_RUNPATH_SEARCH_PATHS = (
					"$(inherited)",
					"@executable_path/Frameworks",
				);
				PRODUCT_BUNDLE_IDENTIFIER = dev.t8m.one;
				PRODUCT_NAME = "$(TARGET_NAME)";
				SWIFT_VERSION = 4.2;
				TARGETED_DEVICE_FAMILY = 1;
			};
			name = Release;
		};
/* End XCBuildConfiguration section */

/* Begin XCConfigurationList section */
		22BF93542247F6CF00D3E861 /* Build configuration list for PBXNativeTarget "TWO" */ = {
			isa = XCConfigurationList;
			buildConfigurations = (
				22BF93552247F6CF00D3E861 /* Debug */,
				22BF93562247F6CF00D3E861 /* Release */,
			);
			defaultConfigurationIsVisible = 0;
			defaultConfigurationName = Release;
		};
		22F928DB2247EE65006167E2 /* Build configuration list for PBXProject "DemoConfigUserDefined" */ = {
			isa = XCConfigurationList;
			buildConfigurations = (
				22F928F02247EE67006167E2 /* Debug */,
				22F928F12247EE67006167E2 /* Release */,
			);
			defaultConfigurationIsVisible = 0;
			defaultConfigurationName = Release;
		};
		22F928F22247EE67006167E2 /* Build configuration list for PBXNativeTarget "ONE" */ = {
			isa = XCConfigurationList;
			buildConfigurations = (
				22F928F32247EE67006167E2 /* Debug */,
				22F928F42247EE67006167E2 /* Release */,
			);
			defaultConfigurationIsVisible = 0;
			defaultConfigurationName = Release;
		};
/* End XCConfigurationList section */
	};
	rootObject = 22F928D82247EE65006167E2 /* Project object */;
}
